// !$*UTF8*$!
{
	archiveVersion = 1;
	classes = {
	};
	objectVersion = 55;
	objects = {

/* Begin PBXBuildFile section */
		7C57480027EFF8D60059595C /* focusingApp.swift in Sources */ = {isa = PBXBuildFile; fileRef = 7C5747FF27EFF8D60059595C /* focusingApp.swift */; };
		7C57480227EFF8D60059595C /* ContentView.swift in Sources */ = {isa = PBXBuildFile; fileRef = 7C57480127EFF8D60059595C /* ContentView.swift */; };
		7C57480427EFF8D70059595C /* Assets.xcassets in Resources */ = {isa = PBXBuildFile; fileRef = 7C57480327EFF8D70059595C /* Assets.xcassets */; };
		7C57480727EFF8D70059595C /* Preview Assets.xcassets in Resources */ = {isa = PBXBuildFile; fileRef = 7C57480627EFF8D70059595C /* Preview Assets.xcassets */; };
		7C57481827EFF9CB0059595C /* OnBoardingView.swift in Sources */ = {isa = PBXBuildFile; fileRef = 7C57481727EFF9CB0059595C /* OnBoardingView.swift */; };
		7C57481B27EFF9E30059595C /* AgreeView.swift in Sources */ = {isa = PBXBuildFile; fileRef = 7C57481927EFF9E30059595C /* AgreeView.swift */; };
		7C57481C27EFF9E30059595C /* BlankView.swift in Sources */ = {isa = PBXBuildFile; fileRef = 7C57481A27EFF9E30059595C /* BlankView.swift */; };
		7C57481E27F006C40059595C /* MainView.swift in Sources */ = {isa = PBXBuildFile; fileRef = 7C57481D27F006C40059595C /* MainView.swift */; };
		7C70B19727F7C629007AD136 /* Settings.bundle in Resources */ = {isa = PBXBuildFile; fileRef = 7C70B19627F7C629007AD136 /* Settings.bundle */; };
		7C7EF747280C3060003E1385 /* StoreKit.framework in Frameworks */ = {isa = PBXBuildFile; fileRef = 7C7EF746280C3060003E1385 /* StoreKit.framework */; };
		7C8E96C327F5AACA00D9044B /* TermsOfUseView.swift in Sources */ = {isa = PBXBuildFile; fileRef = 7C8E96C227F5AACA00D9044B /* TermsOfUseView.swift */; };
		7C8E96C527F5AB7A00D9044B /* PrivacyPolicyView.swift in Sources */ = {isa = PBXBuildFile; fileRef = 7C8E96C427F5AB7A00D9044B /* PrivacyPolicyView.swift */; };
		7C8E96C727F5AC5700D9044B /* QAView.swift in Sources */ = {isa = PBXBuildFile; fileRef = 7C8E96C627F5AC5700D9044B /* QAView.swift */; };
		7C9D6A1B27FA87440072B66E /* CameraViewController.swift in Sources */ = {isa = PBXBuildFile; fileRef = 7C9D6A1A27FA87440072B66E /* CameraViewController.swift */; };
		7C9D6A1D27FA87630072B66E /* FaceDetector.swift in Sources */ = {isa = PBXBuildFile; fileRef = 7C9D6A1C27FA87630072B66E /* FaceDetector.swift */; };
		7C9D6A1F27FA87A30072B66E /* FaceBoundingBoxView.swift in Sources */ = {isa = PBXBuildFile; fileRef = 7C9D6A1E27FA87A30072B66E /* FaceBoundingBoxView.swift */; };
		7C9D6A2327FA88450072B66E /* CameraControlsFooterView.swift in Sources */ = {isa = PBXBuildFile; fileRef = 7C9D6A2227FA88450072B66E /* CameraControlsFooterView.swift */; };
		7C9D6A2527FA88700072B66E /* FaceObservation.swift in Sources */ = {isa = PBXBuildFile; fileRef = 7C9D6A2427FA886F0072B66E /* FaceObservation.swift */; };
		7C9D6A2727FA892B0072B66E /* CameraView.swift in Sources */ = {isa = PBXBuildFile; fileRef = 7C9D6A2627FA892B0072B66E /* CameraView.swift */; };
		7C9D6A2927FA8A9A0072B66E /* CameraViewModel.swift in Sources */ = {isa = PBXBuildFile; fileRef = 7C9D6A2827FA8A9A0072B66E /* CameraViewModel.swift */; };
		7CB757C027F0189B00B2934C /* Alamofire in Frameworks */ = {isa = PBXBuildFile; productRef = 7CB757BF27F0189B00B2934C /* Alamofire */; };
		7CB757C227F01C8E00B2934C /* ResponseModel.swift in Sources */ = {isa = PBXBuildFile; fileRef = 7CB757C127F01C8E00B2934C /* ResponseModel.swift */; };
		7CB757C527F0316B00B2934C /* StyleForm.swift in Sources */ = {isa = PBXBuildFile; fileRef = 7CB757C427F0316B00B2934C /* StyleForm.swift */; };
		7CB757D927F0438800B2934C /* SUIT-Thin.otf in Resources */ = {isa = PBXBuildFile; fileRef = 7CB757CE27F0319700B2934C /* SUIT-Thin.otf */; };
		7CB757DA27F0438800B2934C /* SUIT-ExtraLight.otf in Resources */ = {isa = PBXBuildFile; fileRef = 7CB757CD27F0319700B2934C /* SUIT-ExtraLight.otf */; };
		7CB757DB27F0438800B2934C /* SUIT-ExtraBold.otf in Resources */ = {isa = PBXBuildFile; fileRef = 7CB757C827F0319700B2934C /* SUIT-ExtraBold.otf */; };
		7CB757DC27F0438800B2934C /* SUIT-Heavy.otf in Resources */ = {isa = PBXBuildFile; fileRef = 7CB757C927F0319700B2934C /* SUIT-Heavy.otf */; };
		7CB757DD27F0438800B2934C /* SUIT-Light.otf in Resources */ = {isa = PBXBuildFile; fileRef = 7CB757CA27F0319700B2934C /* SUIT-Light.otf */; };
		7CB757DE27F0438800B2934C /* SUIT-Medium.otf in Resources */ = {isa = PBXBuildFile; fileRef = 7CB757C727F0319700B2934C /* SUIT-Medium.otf */; };
		7CB757DF27F0438800B2934C /* SUIT-Bold.otf in Resources */ = {isa = PBXBuildFile; fileRef = 7CB757CC27F0319700B2934C /* SUIT-Bold.otf */; };
		7CB757E027F0438800B2934C /* SUIT-Regular.otf in Resources */ = {isa = PBXBuildFile; fileRef = 7CB757CB27F0319700B2934C /* SUIT-Regular.otf */; };
		7CB757E127F0438800B2934C /* SUIT-SemiBold.otf in Resources */ = {isa = PBXBuildFile; fileRef = 7CB757CF27F0319700B2934C /* SUIT-SemiBold.otf */; };
		7CB757E327F046D700B2934C /* ScrollOptionView.swift in Sources */ = {isa = PBXBuildFile; fileRef = 7CB757E227F046D700B2934C /* ScrollOptionView.swift */; };
		7CB757E527F0551B00B2934C /* StoreManager.swift in Sources */ = {isa = PBXBuildFile; fileRef = 7CB757E427F0551B00B2934C /* StoreManager.swift */; };
		7CB757EA27F058D700B2934C /* InAppPurchaseView.swift in Sources */ = {isa = PBXBuildFile; fileRef = 7CB757E927F058D700B2934C /* InAppPurchaseView.swift */; };
/* End PBXBuildFile section */

/* Begin PBXFileReference section */
		7C5747FC27EFF8D60059595C /* focusing.app */ = {isa = PBXFileReference; explicitFileType = wrapper.application; includeInIndex = 0; path = focusing.app; sourceTree = BUILT_PRODUCTS_DIR; };
		7C5747FF27EFF8D60059595C /* focusingApp.swift */ = {isa = PBXFileReference; lastKnownFileType = sourcecode.swift; path = focusingApp.swift; sourceTree = "<group>"; };
		7C57480127EFF8D60059595C /* ContentView.swift */ = {isa = PBXFileReference; lastKnownFileType = sourcecode.swift; path = ContentView.swift; sourceTree = "<group>"; };
		7C57480327EFF8D70059595C /* Assets.xcassets */ = {isa = PBXFileReference; lastKnownFileType = folder.assetcatalog; path = Assets.xcassets; sourceTree = "<group>"; };
		7C57480627EFF8D70059595C /* Preview Assets.xcassets */ = {isa = PBXFileReference; lastKnownFileType = folder.assetcatalog; path = "Preview Assets.xcassets"; sourceTree = "<group>"; };
		7C57481727EFF9CB0059595C /* OnBoardingView.swift */ = {isa = PBXFileReference; lastKnownFileType = sourcecode.swift; path = OnBoardingView.swift; sourceTree = "<group>"; };
		7C57481927EFF9E30059595C /* AgreeView.swift */ = {isa = PBXFileReference; fileEncoding = 4; lastKnownFileType = sourcecode.swift; path = AgreeView.swift; sourceTree = "<group>"; };
		7C57481A27EFF9E30059595C /* BlankView.swift */ = {isa = PBXFileReference; fileEncoding = 4; lastKnownFileType = sourcecode.swift; path = BlankView.swift; sourceTree = "<group>"; };
		7C57481D27F006C40059595C /* MainView.swift */ = {isa = PBXFileReference; lastKnownFileType = sourcecode.swift; path = MainView.swift; sourceTree = "<group>"; };
		7C70B19627F7C629007AD136 /* Settings.bundle */ = {isa = PBXFileReference; lastKnownFileType = "wrapper.plug-in"; path = Settings.bundle; sourceTree = "<group>"; };
		7C7EF746280C3060003E1385 /* StoreKit.framework */ = {isa = PBXFileReference; lastKnownFileType = wrapper.framework; name = StoreKit.framework; path = System/Library/Frameworks/StoreKit.framework; sourceTree = SDKROOT; };
		7C8E96C227F5AACA00D9044B /* TermsOfUseView.swift */ = {isa = PBXFileReference; fileEncoding = 4; lastKnownFileType = sourcecode.swift; path = TermsOfUseView.swift; sourceTree = "<group>"; };
		7C8E96C427F5AB7A00D9044B /* PrivacyPolicyView.swift */ = {isa = PBXFileReference; lastKnownFileType = sourcecode.swift; path = PrivacyPolicyView.swift; sourceTree = "<group>"; };
		7C8E96C627F5AC5700D9044B /* QAView.swift */ = {isa = PBXFileReference; lastKnownFileType = sourcecode.swift; path = QAView.swift; sourceTree = "<group>"; };
		7C9D6A1A27FA87440072B66E /* CameraViewController.swift */ = {isa = PBXFileReference; fileEncoding = 4; lastKnownFileType = sourcecode.swift; path = CameraViewController.swift; sourceTree = "<group>"; };
		7C9D6A1C27FA87630072B66E /* FaceDetector.swift */ = {isa = PBXFileReference; fileEncoding = 4; lastKnownFileType = sourcecode.swift; path = FaceDetector.swift; sourceTree = "<group>"; };
		7C9D6A1E27FA87A30072B66E /* FaceBoundingBoxView.swift */ = {isa = PBXFileReference; fileEncoding = 4; lastKnownFileType = sourcecode.swift; path = FaceBoundingBoxView.swift; sourceTree = "<group>"; };
		7C9D6A2227FA88450072B66E /* CameraControlsFooterView.swift */ = {isa = PBXFileReference; fileEncoding = 4; lastKnownFileType = sourcecode.swift; path = CameraControlsFooterView.swift; sourceTree = "<group>"; };
		7C9D6A2427FA886F0072B66E /* FaceObservation.swift */ = {isa = PBXFileReference; fileEncoding = 4; lastKnownFileType = sourcecode.swift; path = FaceObservation.swift; sourceTree = "<group>"; };
		7C9D6A2627FA892B0072B66E /* CameraView.swift */ = {isa = PBXFileReference; fileEncoding = 4; lastKnownFileType = sourcecode.swift; path = CameraView.swift; sourceTree = "<group>"; };
		7C9D6A2827FA8A9A0072B66E /* CameraViewModel.swift */ = {isa = PBXFileReference; fileEncoding = 4; lastKnownFileType = sourcecode.swift; path = CameraViewModel.swift; sourceTree = "<group>"; };
		7CB757C127F01C8E00B2934C /* ResponseModel.swift */ = {isa = PBXFileReference; lastKnownFileType = sourcecode.swift; path = ResponseModel.swift; sourceTree = "<group>"; };
		7CB757C427F0316B00B2934C /* StyleForm.swift */ = {isa = PBXFileReference; lastKnownFileType = sourcecode.swift; path = StyleForm.swift; sourceTree = "<group>"; };
		7CB757C727F0319700B2934C /* SUIT-Medium.otf */ = {isa = PBXFileReference; lastKnownFileType = file; path = "SUIT-Medium.otf"; sourceTree = "<group>"; };
		7CB757C827F0319700B2934C /* SUIT-ExtraBold.otf */ = {isa = PBXFileReference; lastKnownFileType = file; path = "SUIT-ExtraBold.otf"; sourceTree = "<group>"; };
		7CB757C927F0319700B2934C /* SUIT-Heavy.otf */ = {isa = PBXFileReference; lastKnownFileType = file; path = "SUIT-Heavy.otf"; sourceTree = "<group>"; };
		7CB757CA27F0319700B2934C /* SUIT-Light.otf */ = {isa = PBXFileReference; lastKnownFileType = file; path = "SUIT-Light.otf"; sourceTree = "<group>"; };
		7CB757CB27F0319700B2934C /* SUIT-Regular.otf */ = {isa = PBXFileReference; lastKnownFileType = file; path = "SUIT-Regular.otf"; sourceTree = "<group>"; };
		7CB757CC27F0319700B2934C /* SUIT-Bold.otf */ = {isa = PBXFileReference; lastKnownFileType = file; path = "SUIT-Bold.otf"; sourceTree = "<group>"; };
		7CB757CD27F0319700B2934C /* SUIT-ExtraLight.otf */ = {isa = PBXFileReference; lastKnownFileType = file; path = "SUIT-ExtraLight.otf"; sourceTree = "<group>"; };
		7CB757CE27F0319700B2934C /* SUIT-Thin.otf */ = {isa = PBXFileReference; lastKnownFileType = file; path = "SUIT-Thin.otf"; sourceTree = "<group>"; };
		7CB757CF27F0319700B2934C /* SUIT-SemiBold.otf */ = {isa = PBXFileReference; lastKnownFileType = file; path = "SUIT-SemiBold.otf"; sourceTree = "<group>"; };
		7CB757E227F046D700B2934C /* ScrollOptionView.swift */ = {isa = PBXFileReference; lastKnownFileType = sourcecode.swift; path = ScrollOptionView.swift; sourceTree = "<group>"; };
		7CB757E427F0551B00B2934C /* StoreManager.swift */ = {isa = PBXFileReference; lastKnownFileType = sourcecode.swift; path = StoreManager.swift; sourceTree = "<group>"; };
		7CB757E927F058D700B2934C /* InAppPurchaseView.swift */ = {isa = PBXFileReference; lastKnownFileType = sourcecode.swift; path = InAppPurchaseView.swift; sourceTree = "<group>"; };
/* End PBXFileReference section */

/* Begin PBXFrameworksBuildPhase section */
		7C5747F927EFF8D60059595C /* Frameworks */ = {
			isa = PBXFrameworksBuildPhase;
			buildActionMask = 2147483647;
			files = (
				7CB757C027F0189B00B2934C /* Alamofire in Frameworks */,
				7C7EF747280C3060003E1385 /* StoreKit.framework in Frameworks */,
			);
			runOnlyForDeploymentPostprocessing = 0;
		};
/* End PBXFrameworksBuildPhase section */

/* Begin PBXGroup section */
		7C5747F327EFF8D60059595C = {
			isa = PBXGroup;
			children = (
				7C70B19627F7C629007AD136 /* Settings.bundle */,
				7C5747FE27EFF8D60059595C /* focusing */,
				7C5747FD27EFF8D60059595C /* Products */,
				7CB757E627F0555800B2934C /* Frameworks */,
			);
			sourceTree = "<group>";
		};
		7C5747FD27EFF8D60059595C /* Products */ = {
			isa = PBXGroup;
			children = (
				7C5747FC27EFF8D60059595C /* focusing.app */,
			);
			name = Products;
			sourceTree = "<group>";
		};
		7C5747FE27EFF8D60059595C /* focusing */ = {
			isa = PBXGroup;
			children = (
				7CB757C627F0318F00B2934C /* Font */,
				7C69FB7027F725D200F69AE4 /* Face Detector */,
				7CB757C327F0315B00B2934C /* Form */,
				7C57481627EFF96A0059595C /* View */,
				7C57481527EFF9630059595C /* ViewModel */,
				7C57481427EFF95D0059595C /* Model */,
				7C57481327EFF9570059595C /* Screen */,
				7C5747FF27EFF8D60059595C /* focusingApp.swift */,
				7C57480327EFF8D70059595C /* Assets.xcassets */,
				7C57480527EFF8D70059595C /* Preview Content */,
			);
			path = focusing;
			sourceTree = "<group>";
		};
		7C57480527EFF8D70059595C /* Preview Content */ = {
			isa = PBXGroup;
			children = (
				7C57480627EFF8D70059595C /* Preview Assets.xcassets */,
			);
			path = "Preview Content";
			sourceTree = "<group>";
		};
		7C57481327EFF9570059595C /* Screen */ = {
			isa = PBXGroup;
			children = (
				7C57480127EFF8D60059595C /* ContentView.swift */,
				7C57481727EFF9CB0059595C /* OnBoardingView.swift */,
				7C57481D27F006C40059595C /* MainView.swift */,
				7CB757E927F058D700B2934C /* InAppPurchaseView.swift */,
				7C8E96C227F5AACA00D9044B /* TermsOfUseView.swift */,
				7C8E96C427F5AB7A00D9044B /* PrivacyPolicyView.swift */,
				7C8E96C627F5AC5700D9044B /* QAView.swift */,
			);
			path = Screen;
			sourceTree = "<group>";
		};
		7C57481427EFF95D0059595C /* Model */ = {
			isa = PBXGroup;
			children = (
				7CB757C127F01C8E00B2934C /* ResponseModel.swift */,
			);
			path = Model;
			sourceTree = "<group>";
		};
		7C57481527EFF9630059595C /* ViewModel */ = {
			isa = PBXGroup;
			children = (
				7CB757E427F0551B00B2934C /* StoreManager.swift */,
			);
			path = ViewModel;
			sourceTree = "<group>";
		};
		7C57481627EFF96A0059595C /* View */ = {
			isa = PBXGroup;
			children = (
				7C57481927EFF9E30059595C /* AgreeView.swift */,
				7C57481A27EFF9E30059595C /* BlankView.swift */,
				7CB757E227F046D700B2934C /* ScrollOptionView.swift */,
			);
			path = View;
			sourceTree = "<group>";
		};
		7C69FB7027F725D200F69AE4 /* Face Detector */ = {
			isa = PBXGroup;
			children = (
				7C9D6A1A27FA87440072B66E /* CameraViewController.swift */,
				7C9D6A1C27FA87630072B66E /* FaceDetector.swift */,
				7C9D6A1E27FA87A30072B66E /* FaceBoundingBoxView.swift */,
				7C9D6A2827FA8A9A0072B66E /* CameraViewModel.swift */,
				7C9D6A2227FA88450072B66E /* CameraControlsFooterView.swift */,
				7C9D6A2427FA886F0072B66E /* FaceObservation.swift */,
				7C9D6A2627FA892B0072B66E /* CameraView.swift */,
			);
			path = "Face Detector";
			sourceTree = "<group>";
		};
		7CB757C327F0315B00B2934C /* Form */ = {
			isa = PBXGroup;
			children = (
				7CB757C427F0316B00B2934C /* StyleForm.swift */,
			);
			path = Form;
			sourceTree = "<group>";
		};
		7CB757C627F0318F00B2934C /* Font */ = {
			isa = PBXGroup;
			children = (
				7CB757CC27F0319700B2934C /* SUIT-Bold.otf */,
				7CB757C827F0319700B2934C /* SUIT-ExtraBold.otf */,
				7CB757CD27F0319700B2934C /* SUIT-ExtraLight.otf */,
				7CB757C927F0319700B2934C /* SUIT-Heavy.otf */,
				7CB757CA27F0319700B2934C /* SUIT-Light.otf */,
				7CB757C727F0319700B2934C /* SUIT-Medium.otf */,
				7CB757CB27F0319700B2934C /* SUIT-Regular.otf */,
				7CB757CF27F0319700B2934C /* SUIT-SemiBold.otf */,
				7CB757CE27F0319700B2934C /* SUIT-Thin.otf */,
			);
			path = Font;
			sourceTree = "<group>";
		};
		7CB757E627F0555800B2934C /* Frameworks */ = {
			isa = PBXGroup;
			children = (
				7C7EF746280C3060003E1385 /* StoreKit.framework */,
			);
			name = Frameworks;
			sourceTree = "<group>";
		};
/* End PBXGroup section */

/* Begin PBXNativeTarget section */
		7C5747FB27EFF8D60059595C /* focusing */ = {
			isa = PBXNativeTarget;
			buildConfigurationList = 7C57480A27EFF8D70059595C /* Build configuration list for PBXNativeTarget "focusing" */;
			buildPhases = (
				7C5747F827EFF8D60059595C /* Sources */,
				7C5747F927EFF8D60059595C /* Frameworks */,
				7C5747FA27EFF8D60059595C /* Resources */,
			);
			buildRules = (
			);
			dependencies = (
			);
			name = focusing;
			packageProductDependencies = (
				7CB757BF27F0189B00B2934C /* Alamofire */,
			);
			productName = focusing;
			productReference = 7C5747FC27EFF8D60059595C /* focusing.app */;
			productType = "com.apple.product-type.application";
		};
/* End PBXNativeTarget section */

/* Begin PBXProject section */
		7C5747F427EFF8D60059595C /* Project object */ = {
			isa = PBXProject;
			attributes = {
				BuildIndependentTargetsInParallel = 1;
				LastSwiftUpdateCheck = 1330;
				LastUpgradeCheck = 1330;
				TargetAttributes = {
					7C5747FB27EFF8D60059595C = {
						CreatedOnToolsVersion = 13.3;
					};
				};
			};
			buildConfigurationList = 7C5747F727EFF8D60059595C /* Build configuration list for PBXProject "focusing" */;
			compatibilityVersion = "Xcode 13.0";
			developmentRegion = en;
			hasScannedForEncodings = 0;
			knownRegions = (
				en,
				Base,
				ko,
			);
			mainGroup = 7C5747F327EFF8D60059595C;
			packageReferences = (
				7CB757BE27F0189B00B2934C /* XCRemoteSwiftPackageReference "Alamofire" */,
			);
			productRefGroup = 7C5747FD27EFF8D60059595C /* Products */;
			projectDirPath = "";
			projectRoot = "";
			targets = (
				7C5747FB27EFF8D60059595C /* focusing */,
			);
		};
/* End PBXProject section */

/* Begin PBXResourcesBuildPhase section */
		7C5747FA27EFF8D60059595C /* Resources */ = {
			isa = PBXResourcesBuildPhase;
			buildActionMask = 2147483647;
			files = (
				7CB757DC27F0438800B2934C /* SUIT-Heavy.otf in Resources */,
				7CB757DE27F0438800B2934C /* SUIT-Medium.otf in Resources */,
				7CB757DA27F0438800B2934C /* SUIT-ExtraLight.otf in Resources */,
				7CB757E027F0438800B2934C /* SUIT-Regular.otf in Resources */,
				7CB757DF27F0438800B2934C /* SUIT-Bold.otf in Resources */,
				7C70B19727F7C629007AD136 /* Settings.bundle in Resources */,
				7C57480727EFF8D70059595C /* Preview Assets.xcassets in Resources */,
				7CB757DB27F0438800B2934C /* SUIT-ExtraBold.otf in Resources */,
				7C57480427EFF8D70059595C /* Assets.xcassets in Resources */,
				7CB757D927F0438800B2934C /* SUIT-Thin.otf in Resources */,
				7CB757E127F0438800B2934C /* SUIT-SemiBold.otf in Resources */,
				7CB757DD27F0438800B2934C /* SUIT-Light.otf in Resources */,
			);
			runOnlyForDeploymentPostprocessing = 0;
		};
/* End PBXResourcesBuildPhase section */

/* Begin PBXSourcesBuildPhase section */
		7C5747F827EFF8D60059595C /* Sources */ = {
			isa = PBXSourcesBuildPhase;
			buildActionMask = 2147483647;
			files = (
				7C8E96C327F5AACA00D9044B /* TermsOfUseView.swift in Sources */,
				7C57481827EFF9CB0059595C /* OnBoardingView.swift in Sources */,
				7C8E96C527F5AB7A00D9044B /* PrivacyPolicyView.swift in Sources */,
				7C8E96C727F5AC5700D9044B /* QAView.swift in Sources */,
				7C57481E27F006C40059595C /* MainView.swift in Sources */,
				7CB757E527F0551B00B2934C /* StoreManager.swift in Sources */,
				7C9D6A2727FA892B0072B66E /* CameraView.swift in Sources */,
				7C9D6A2927FA8A9A0072B66E /* CameraViewModel.swift in Sources */,
				7C57481C27EFF9E30059595C /* BlankView.swift in Sources */,
				7C9D6A2327FA88450072B66E /* CameraControlsFooterView.swift in Sources */,
				7CB757EA27F058D700B2934C /* InAppPurchaseView.swift in Sources */,
				7CB757E327F046D700B2934C /* ScrollOptionView.swift in Sources */,
				7C57481B27EFF9E30059595C /* AgreeView.swift in Sources */,
				7CB757C527F0316B00B2934C /* StyleForm.swift in Sources */,
				7C57480227EFF8D60059595C /* ContentView.swift in Sources */,
				7C9D6A2527FA88700072B66E /* FaceObservation.swift in Sources */,
				7C9D6A1D27FA87630072B66E /* FaceDetector.swift in Sources */,
				7C9D6A1B27FA87440072B66E /* CameraViewController.swift in Sources */,
				7CB757C227F01C8E00B2934C /* ResponseModel.swift in Sources */,
				7C57480027EFF8D60059595C /* focusingApp.swift in Sources */,
				7C9D6A1F27FA87A30072B66E /* FaceBoundingBoxView.swift in Sources */,
			);
			runOnlyForDeploymentPostprocessing = 0;
		};
/* End PBXSourcesBuildPhase section */

/* Begin XCBuildConfiguration section */
		7C57480827EFF8D70059595C /* Debug */ = {
			isa = XCBuildConfiguration;
			buildSettings = {
				ALWAYS_SEARCH_USER_PATHS = NO;
				CLANG_ANALYZER_NONNULL = YES;
				CLANG_ANALYZER_NUMBER_OBJECT_CONVERSION = YES_AGGRESSIVE;
				CLANG_CXX_LANGUAGE_STANDARD = "gnu++17";
				CLANG_ENABLE_MODULES = YES;
				CLANG_ENABLE_OBJC_ARC = YES;
				CLANG_ENABLE_OBJC_WEAK = YES;
				CLANG_WARN_BLOCK_CAPTURE_AUTORELEASING = YES;
				CLANG_WARN_BOOL_CONVERSION = YES;
				CLANG_WARN_COMMA = YES;
				CLANG_WARN_CONSTANT_CONVERSION = YES;
				CLANG_WARN_DEPRECATED_OBJC_IMPLEMENTATIONS = YES;
				CLANG_WARN_DIRECT_OBJC_ISA_USAGE = YES_ERROR;
				CLANG_WARN_DOCUMENTATION_COMMENTS = YES;
				CLANG_WARN_EMPTY_BODY = YES;
				CLANG_WARN_ENUM_CONVERSION = YES;
				CLANG_WARN_INFINITE_RECURSION = YES;
				CLANG_WARN_INT_CONVERSION = YES;
				CLANG_WARN_NON_LITERAL_NULL_CONVERSION = YES;
				CLANG_WARN_OBJC_IMPLICIT_RETAIN_SELF = YES;
				CLANG_WARN_OBJC_LITERAL_CONVERSION = YES;
				CLANG_WARN_OBJC_ROOT_CLASS = YES_ERROR;
				CLANG_WARN_QUOTED_INCLUDE_IN_FRAMEWORK_HEADER = YES;
				CLANG_WARN_RANGE_LOOP_ANALYSIS = YES;
				CLANG_WARN_STRICT_PROTOTYPES = YES;
				CLANG_WARN_SUSPICIOUS_MOVE = YES;
				CLANG_WARN_UNGUARDED_AVAILABILITY = YES_AGGRESSIVE;
				CLANG_WARN_UNREACHABLE_CODE = YES;
				CLANG_WARN__DUPLICATE_METHOD_MATCH = YES;
				COPY_PHASE_STRIP = NO;
				DEBUG_INFORMATION_FORMAT = dwarf;
				ENABLE_STRICT_OBJC_MSGSEND = YES;
				ENABLE_TESTABILITY = YES;
				GCC_C_LANGUAGE_STANDARD = gnu11;
				GCC_DYNAMIC_NO_PIC = NO;
				GCC_NO_COMMON_BLOCKS = YES;
				GCC_OPTIMIZATION_LEVEL = 0;
				GCC_PREPROCESSOR_DEFINITIONS = (
					"DEBUG=1",
					"$(inherited)",
				);
				GCC_WARN_64_TO_32_BIT_CONVERSION = YES;
				GCC_WARN_ABOUT_RETURN_TYPE = YES_ERROR;
				GCC_WARN_UNDECLARED_SELECTOR = YES;
				GCC_WARN_UNINITIALIZED_AUTOS = YES_AGGRESSIVE;
				GCC_WARN_UNUSED_FUNCTION = YES;
				GCC_WARN_UNUSED_VARIABLE = YES;
				IPHONEOS_DEPLOYMENT_TARGET = 14.3;
				MTL_ENABLE_DEBUG_INFO = INCLUDE_SOURCE;
				MTL_FAST_MATH = YES;
				ONLY_ACTIVE_ARCH = YES;
				SDKROOT = iphoneos;
				SWIFT_ACTIVE_COMPILATION_CONDITIONS = DEBUG;
				SWIFT_OPTIMIZATION_LEVEL = "-Onone";
			};
			name = Debug;
		};
		7C57480927EFF8D70059595C /* Release */ = {
			isa = XCBuildConfiguration;
			buildSettings = {
				ALWAYS_SEARCH_USER_PATHS = NO;
				CLANG_ANALYZER_NONNULL = YES;
				CLANG_ANALYZER_NUMBER_OBJECT_CONVERSION = YES_AGGRESSIVE;
				CLANG_CXX_LANGUAGE_STANDARD = "gnu++17";
				CLANG_ENABLE_MODULES = YES;
				CLANG_ENABLE_OBJC_ARC = YES;
				CLANG_ENABLE_OBJC_WEAK = YES;
				CLANG_WARN_BLOCK_CAPTURE_AUTORELEASING = YES;
				CLANG_WARN_BOOL_CONVERSION = YES;
				CLANG_WARN_COMMA = YES;
				CLANG_WARN_CONSTANT_CONVERSION = YES;
				CLANG_WARN_DEPRECATED_OBJC_IMPLEMENTATIONS = YES;
				CLANG_WARN_DIRECT_OBJC_ISA_USAGE = YES_ERROR;
				CLANG_WARN_DOCUMENTATION_COMMENTS = YES;
				CLANG_WARN_EMPTY_BODY = YES;
				CLANG_WARN_ENUM_CONVERSION = YES;
				CLANG_WARN_INFINITE_RECURSION = YES;
				CLANG_WARN_INT_CONVERSION = YES;
				CLANG_WARN_NON_LITERAL_NULL_CONVERSION = YES;
				CLANG_WARN_OBJC_IMPLICIT_RETAIN_SELF = YES;
				CLANG_WARN_OBJC_LITERAL_CONVERSION = YES;
				CLANG_WARN_OBJC_ROOT_CLASS = YES_ERROR;
				CLANG_WARN_QUOTED_INCLUDE_IN_FRAMEWORK_HEADER = YES;
				CLANG_WARN_RANGE_LOOP_ANALYSIS = YES;
				CLANG_WARN_STRICT_PROTOTYPES = YES;
				CLANG_WARN_SUSPICIOUS_MOVE = YES;
				CLANG_WARN_UNGUARDED_AVAILABILITY = YES_AGGRESSIVE;
				CLANG_WARN_UNREACHABLE_CODE = YES;
				CLANG_WARN__DUPLICATE_METHOD_MATCH = YES;
				COPY_PHASE_STRIP = NO;
				DEBUG_INFORMATION_FORMAT = "dwarf-with-dsym";
				ENABLE_NS_ASSERTIONS = NO;
				ENABLE_STRICT_OBJC_MSGSEND = YES;
				GCC_C_LANGUAGE_STANDARD = gnu11;
				GCC_NO_COMMON_BLOCKS = YES;
				GCC_WARN_64_TO_32_BIT_CONVERSION = YES;
				GCC_WARN_ABOUT_RETURN_TYPE = YES_ERROR;
				GCC_WARN_UNDECLARED_SELECTOR = YES;
				GCC_WARN_UNINITIALIZED_AUTOS = YES_AGGRESSIVE;
				GCC_WARN_UNUSED_FUNCTION = YES;
				GCC_WARN_UNUSED_VARIABLE = YES;
				IPHONEOS_DEPLOYMENT_TARGET = 14.3;
				MTL_ENABLE_DEBUG_INFO = NO;
				MTL_FAST_MATH = YES;
				SDKROOT = iphoneos;
				SWIFT_COMPILATION_MODE = wholemodule;
				SWIFT_OPTIMIZATION_LEVEL = "-O";
				VALIDATE_PRODUCT = YES;
			};
			name = Release;
		};
		7C57480B27EFF8D70059595C /* Debug */ = {
			isa = XCBuildConfiguration;
			buildSettings = {
				ASSETCATALOG_COMPILER_APPICON_NAME = AppIcon;
				ASSETCATALOG_COMPILER_GLOBAL_ACCENT_COLOR_NAME = AccentColor;
				CODE_SIGN_IDENTITY = "Apple Development";
				CODE_SIGN_STYLE = Automatic;
				CURRENT_PROJECT_VERSION = 1;
				DEVELOPMENT_ASSET_PATHS = "\"focusing/Preview Content\"";
				DEVELOPMENT_TEAM = R3B6HVXRWT;
				ENABLE_PREVIEWS = YES;
				GENERATE_INFOPLIST_FILE = YES;
				INFOPLIST_FILE = focusing/Info.plist;
				INFOPLIST_KEY_NSCameraUsageDescription = "Focusing의 다양한 콘텐츠 주제에 맞춰 얼굴을 인식하기 위해 카메라를 활용합니다";
				INFOPLIST_KEY_NSUserTrackingUsageDescription = "허용을 누르면 불필요한 광고가 아닌 관심사 맞춤형 광고를 제공 받을 수 있습니다";
				INFOPLIST_KEY_UIApplicationSceneManifest_Generation = YES;
				INFOPLIST_KEY_UIApplicationSupportsIndirectInputEvents = YES;
				INFOPLIST_KEY_UILaunchScreen_Generation = YES;
				INFOPLIST_KEY_UIRequiredDeviceCapabilities = "armv7 arkit";
				INFOPLIST_KEY_UISupportedInterfaceOrientations = UIInterfaceOrientationPortrait;
				INFOPLIST_KEY_UISupportedInterfaceOrientations_iPad = "UIInterfaceOrientationPortrait UIInterfaceOrientationPortraitUpsideDown UIInterfaceOrientationLandscapeLeft UIInterfaceOrientationLandscapeRight";
				INFOPLIST_KEY_UISupportedInterfaceOrientations_iPhone = UIInterfaceOrientationPortrait;
				INFOPLIST_KEY_UIUserInterfaceStyle = Light;
				IPHONEOS_DEPLOYMENT_TARGET = 15.1;
				LD_RUNPATH_SEARCH_PATHS = (
					"$(inherited)",
					"@executable_path/Frameworks",
				);
				MARKETING_VERSION = 1.2;
				PRODUCT_BUNDLE_IDENTIFIER = com.beimsupictures.focusing;
				PRODUCT_NAME = "$(TARGET_NAME)";
				PROVISIONING_PROFILE_SPECIFIER = "";
				SWIFT_EMIT_LOC_STRINGS = YES;
				SWIFT_VERSION = 5.0;
				TARGETED_DEVICE_FAMILY = 1;
			};
			name = Debug;
		};
		7C57480C27EFF8D70059595C /* Release */ = {
			isa = XCBuildConfiguration;
			buildSettings = {
				ASSETCATALOG_COMPILER_APPICON_NAME = AppIcon;
				ASSETCATALOG_COMPILER_GLOBAL_ACCENT_COLOR_NAME = AccentColor;
				CODE_SIGN_IDENTITY = "Apple Development";
				CODE_SIGN_STYLE = Automatic;
				CURRENT_PROJECT_VERSION = 1;
				DEVELOPMENT_ASSET_PATHS = "\"focusing/Preview Content\"";
				DEVELOPMENT_TEAM = R3B6HVXRWT;
				ENABLE_PREVIEWS = YES;
				GENERATE_INFOPLIST_FILE = YES;
				INFOPLIST_FILE = focusing/Info.plist;
				INFOPLIST_KEY_NSCameraUsageDescription = "Focusing의 다양한 콘텐츠 주제에 맞춰 얼굴을 인식하기 위해 카메라를 활용합니다";
				INFOPLIST_KEY_NSUserTrackingUsageDescription = "허용을 누르면 불필요한 광고가 아닌 관심사 맞춤형 광고를 제공 받을 수 있습니다";
				INFOPLIST_KEY_UIApplicationSceneManifest_Generation = YES;
				INFOPLIST_KEY_UIApplicationSupportsIndirectInputEvents = YES;
				INFOPLIST_KEY_UILaunchScreen_Generation = YES;
				INFOPLIST_KEY_UIRequiredDeviceCapabilities = "armv7 arkit";
				INFOPLIST_KEY_UISupportedInterfaceOrientations = UIInterfaceOrientationPortrait;
				INFOPLIST_KEY_UISupportedInterfaceOrientations_iPad = "UIInterfaceOrientationPortrait UIInterfaceOrientationPortraitUpsideDown UIInterfaceOrientationLandscapeLeft UIInterfaceOrientationLandscapeRight";
				INFOPLIST_KEY_UISupportedInterfaceOrientations_iPhone = UIInterfaceOrientationPortrait;
				INFOPLIST_KEY_UIUserInterfaceStyle = Light;
				IPHONEOS_DEPLOYMENT_TARGET = 15.1;
				LD_RUNPATH_SEARCH_PATHS = (
					"$(inherited)",
					"@executable_path/Frameworks",
				);
				MARKETING_VERSION = 1.2;
				PRODUCT_BUNDLE_IDENTIFIER = com.beimsupictures.focusing;
				PRODUCT_NAME = "$(TARGET_NAME)";
				PROVISIONING_PROFILE_SPECIFIER = "";
				SWIFT_EMIT_LOC_STRINGS = YES;
				SWIFT_VERSION = 5.0;
				TARGETED_DEVICE_FAMILY = 1;
			};
			name = Release;
		};
/* End XCBuildConfiguration section */

/* Begin XCConfigurationList section */
		7C5747F727EFF8D60059595C /* Build configuration list for PBXProject "focusing" */ = {
			isa = XCConfigurationList;
			buildConfigurations = (
				7C57480827EFF8D70059595C /* Debug */,
				7C57480927EFF8D70059595C /* Release */,
			);
			defaultConfigurationIsVisible = 0;
			defaultConfigurationName = Release;
		};
		7C57480A27EFF8D70059595C /* Build configuration list for PBXNativeTarget "focusing" */ = {
			isa = XCConfigurationList;
			buildConfigurations = (
				7C57480B27EFF8D70059595C /* Debug */,
				7C57480C27EFF8D70059595C /* Release */,
			);
			defaultConfigurationIsVisible = 0;
			defaultConfigurationName = Release;
		};
/* End XCConfigurationList section */

/* Begin XCRemoteSwiftPackageReference section */
		7CB757BE27F0189B00B2934C /* XCRemoteSwiftPackageReference "Alamofire" */ = {
			isa = XCRemoteSwiftPackageReference;
			repositoryURL = "https://github.com/Alamofire/Alamofire.git";
			requirement = {
				kind = upToNextMajorVersion;
				minimumVersion = 5.0.0;
			};
		};
/* End XCRemoteSwiftPackageReference section */

/* Begin XCSwiftPackageProductDependency section */
		7CB757BF27F0189B00B2934C /* Alamofire */ = {
			isa = XCSwiftPackageProductDependency;
			package = 7CB757BE27F0189B00B2934C /* XCRemoteSwiftPackageReference "Alamofire" */;
			productName = Alamofire;
		};
/* End XCSwiftPackageProductDependency section */
	};
	rootObject = 7C5747F427EFF8D60059595C /* Project object */;
}
